// !$*UTF8*$!
{
	archiveVersion = 1;
	classes = {
	};
	objectVersion = 50;
	objects = {

/* Begin PBXBuildFile section */
		1191C59C26CBC02000FD57FB /* AppDelegate.swift in Sources */ = {isa = PBXBuildFile; fileRef = 1191C59B26CBC02000FD57FB /* AppDelegate.swift */; };
		1191C59E26CBC02000FD57FB /* SceneDelegate.swift in Sources */ = {isa = PBXBuildFile; fileRef = 1191C59D26CBC02000FD57FB /* SceneDelegate.swift */; };
		1191C5A526CBC02600FD57FB /* Assets.xcassets in Resources */ = {isa = PBXBuildFile; fileRef = 1191C5A426CBC02600FD57FB /* Assets.xcassets */; };
		1191C5A826CBC02600FD57FB /* LaunchScreen.storyboard in Resources */ = {isa = PBXBuildFile; fileRef = 1191C5A626CBC02600FD57FB /* LaunchScreen.storyboard */; };
		1191C5C026CBC3AB00FD57FB /* CurrentWeatherPresenter.swift in Sources */ = {isa = PBXBuildFile; fileRef = 1191C5BC26CBC3AB00FD57FB /* CurrentWeatherPresenter.swift */; };
		1191C5C126CBC3AB00FD57FB /* CurrentWeatherRouter.swift in Sources */ = {isa = PBXBuildFile; fileRef = 1191C5BD26CBC3AB00FD57FB /* CurrentWeatherRouter.swift */; };
		1191C5C226CBC3AB00FD57FB /* CurrentWeatherController.swift in Sources */ = {isa = PBXBuildFile; fileRef = 1191C5BE26CBC3AB00FD57FB /* CurrentWeatherController.swift */; };
		1191C5C326CBC3AB00FD57FB /* CurrentWeatherConfigurator.swift in Sources */ = {isa = PBXBuildFile; fileRef = 1191C5BF26CBC3AB00FD57FB /* CurrentWeatherConfigurator.swift */; };
		1191C5CA26CBC3B500FD57FB /* ForecastPresenter.swift in Sources */ = {isa = PBXBuildFile; fileRef = 1191C5C626CBC3B500FD57FB /* ForecastPresenter.swift */; };
		1191C5CB26CBC3B500FD57FB /* ForecastRouter.swift in Sources */ = {isa = PBXBuildFile; fileRef = 1191C5C726CBC3B500FD57FB /* ForecastRouter.swift */; };
		1191C5CC26CBC3B500FD57FB /* ForecastController.swift in Sources */ = {isa = PBXBuildFile; fileRef = 1191C5C826CBC3B500FD57FB /* ForecastController.swift */; };
		1191C5CD26CBC3B500FD57FB /* ForecastConfigurator.swift in Sources */ = {isa = PBXBuildFile; fileRef = 1191C5C926CBC3B500FD57FB /* ForecastConfigurator.swift */; };
		1191C5D126CBC3ED00FD57FB /* Main.storyboard in Resources */ = {isa = PBXBuildFile; fileRef = 1191C5D026CBC3ED00FD57FB /* Main.storyboard */; };
		1191C5D526CBD2BE00FD57FB /* CellConfiguration.swift in Sources */ = {isa = PBXBuildFile; fileRef = 1191C5D426CBD2BE00FD57FB /* CellConfiguration.swift */; };
		1191C5DB26CBD68B00FD57FB /* ForecastCell.swift in Sources */ = {isa = PBXBuildFile; fileRef = 1191C5D926CBD68B00FD57FB /* ForecastCell.swift */; };
		1191C5DC26CBD68B00FD57FB /* ForecastCell.xib in Resources */ = {isa = PBXBuildFile; fileRef = 1191C5DA26CBD68B00FD57FB /* ForecastCell.xib */; };
		1191C5E426CBD94300FD57FB /* ForecastCellModel.swift in Sources */ = {isa = PBXBuildFile; fileRef = 1191C5E326CBD94300FD57FB /* ForecastCellModel.swift */; };
		1191C5E726CBD99F00FD57FB /* Reusable.swift in Sources */ = {isa = PBXBuildFile; fileRef = 1191C5E626CBD99F00FD57FB /* Reusable.swift */; };
		1191C5EB26CBDF8200FD57FB /* Fetcher.swift in Sources */ = {isa = PBXBuildFile; fileRef = 1191C5EA26CBDF8200FD57FB /* Fetcher.swift */; };
		1191C5F226CBE07400FD57FB /* ForecastEntity.swift in Sources */ = {isa = PBXBuildFile; fileRef = 1191C5F126CBE07400FD57FB /* ForecastEntity.swift */; };
		1191C5F626CBE10100FD57FB /* ForecastGateway.swift in Sources */ = {isa = PBXBuildFile; fileRef = 1191C5F526CBE10100FD57FB /* ForecastGateway.swift */; };
		1191C5F926CBE27F00FD57FB /* ForecastUseCase.swift in Sources */ = {isa = PBXBuildFile; fileRef = 1191C5F826CBE27F00FD57FB /* ForecastUseCase.swift */; };
		1191C60D26CD459A00FD57FB /* TitleHeaderView.swift in Sources */ = {isa = PBXBuildFile; fileRef = 1191C60C26CD459A00FD57FB /* TitleHeaderView.swift */; };
		1191C61126CD45A900FD57FB /* TitleHeaderView.xib in Resources */ = {isa = PBXBuildFile; fileRef = 1191C61026CD45A900FD57FB /* TitleHeaderView.xib */; };
		1191C61426CD47A500FD57FB /* TitleHeaderViewModel.swift in Sources */ = {isa = PBXBuildFile; fileRef = 1191C61326CD47A500FD57FB /* TitleHeaderViewModel.swift */; };
		1191C61726CD526D00FD57FB /* LocationAccessible.swift in Sources */ = {isa = PBXBuildFile; fileRef = 1191C61626CD526D00FD57FB /* LocationAccessible.swift */; };
		1191C62926CE802A00FD57FB /* CurrentWeatherEntity.swift in Sources */ = {isa = PBXBuildFile; fileRef = 1191C62826CE802A00FD57FB /* CurrentWeatherEntity.swift */; };
		1191C62C26CE807300FD57FB /* CurrentWeatherGateway.swift in Sources */ = {isa = PBXBuildFile; fileRef = 1191C62B26CE807300FD57FB /* CurrentWeatherGateway.swift */; };
		1191C62F26CE813900FD57FB /* CurrentWeatherUseCase.swift in Sources */ = {isa = PBXBuildFile; fileRef = 1191C62E26CE813900FD57FB /* CurrentWeatherUseCase.swift */; };
		1191C63226CE873A00FD57FB /* WeatherIconGateway.swift in Sources */ = {isa = PBXBuildFile; fileRef = 1191C63126CE873A00FD57FB /* WeatherIconGateway.swift */; };
		1191C63526CE880800FD57FB /* WeatherIconUseCase.swift in Sources */ = {isa = PBXBuildFile; fileRef = 1191C63426CE880800FD57FB /* WeatherIconUseCase.swift */; };
		1191C63826CEC1CE00FD57FB /* DoubleExtensions.swift in Sources */ = {isa = PBXBuildFile; fileRef = 1191C63726CEC1CE00FD57FB /* DoubleExtensions.swift */; };
		1191C63D26D0115700FD57FB /* RainbowLineView.swift in Sources */ = {isa = PBXBuildFile; fileRef = 1191C63C26D0115700FD57FB /* RainbowLineView.swift */; };
/* End PBXBuildFile section */

/* Begin PBXFileReference section */
		1191C59826CBC02000FD57FB /* WeatherApp.app */ = {isa = PBXFileReference; explicitFileType = wrapper.application; includeInIndex = 0; path = WeatherApp.app; sourceTree = BUILT_PRODUCTS_DIR; };
		1191C59B26CBC02000FD57FB /* AppDelegate.swift */ = {isa = PBXFileReference; lastKnownFileType = sourcecode.swift; path = AppDelegate.swift; sourceTree = "<group>"; };
		1191C59D26CBC02000FD57FB /* SceneDelegate.swift */ = {isa = PBXFileReference; lastKnownFileType = sourcecode.swift; path = SceneDelegate.swift; sourceTree = "<group>"; };
		1191C5A426CBC02600FD57FB /* Assets.xcassets */ = {isa = PBXFileReference; lastKnownFileType = folder.assetcatalog; path = Assets.xcassets; sourceTree = "<group>"; };
		1191C5A726CBC02600FD57FB /* Base */ = {isa = PBXFileReference; lastKnownFileType = file.storyboard; name = Base; path = Base.lproj/LaunchScreen.storyboard; sourceTree = "<group>"; };
		1191C5A926CBC02600FD57FB /* Info.plist */ = {isa = PBXFileReference; lastKnownFileType = text.plist.xml; path = Info.plist; sourceTree = "<group>"; };
		1191C5BC26CBC3AB00FD57FB /* CurrentWeatherPresenter.swift */ = {isa = PBXFileReference; lastKnownFileType = sourcecode.swift; path = CurrentWeatherPresenter.swift; sourceTree = "<group>"; };
		1191C5BD26CBC3AB00FD57FB /* CurrentWeatherRouter.swift */ = {isa = PBXFileReference; lastKnownFileType = sourcecode.swift; path = CurrentWeatherRouter.swift; sourceTree = "<group>"; };
		1191C5BE26CBC3AB00FD57FB /* CurrentWeatherController.swift */ = {isa = PBXFileReference; lastKnownFileType = sourcecode.swift; path = CurrentWeatherController.swift; sourceTree = "<group>"; };
		1191C5BF26CBC3AB00FD57FB /* CurrentWeatherConfigurator.swift */ = {isa = PBXFileReference; lastKnownFileType = sourcecode.swift; path = CurrentWeatherConfigurator.swift; sourceTree = "<group>"; };
		1191C5C626CBC3B500FD57FB /* ForecastPresenter.swift */ = {isa = PBXFileReference; lastKnownFileType = sourcecode.swift; path = ForecastPresenter.swift; sourceTree = "<group>"; };
		1191C5C726CBC3B500FD57FB /* ForecastRouter.swift */ = {isa = PBXFileReference; lastKnownFileType = sourcecode.swift; path = ForecastRouter.swift; sourceTree = "<group>"; };
		1191C5C826CBC3B500FD57FB /* ForecastController.swift */ = {isa = PBXFileReference; lastKnownFileType = sourcecode.swift; path = ForecastController.swift; sourceTree = "<group>"; };
		1191C5C926CBC3B500FD57FB /* ForecastConfigurator.swift */ = {isa = PBXFileReference; lastKnownFileType = sourcecode.swift; path = ForecastConfigurator.swift; sourceTree = "<group>"; };
		1191C5D026CBC3ED00FD57FB /* Main.storyboard */ = {isa = PBXFileReference; lastKnownFileType = file.storyboard; path = Main.storyboard; sourceTree = "<group>"; };
		1191C5D426CBD2BE00FD57FB /* CellConfiguration.swift */ = {isa = PBXFileReference; lastKnownFileType = sourcecode.swift; path = CellConfiguration.swift; sourceTree = "<group>"; };
		1191C5D926CBD68B00FD57FB /* ForecastCell.swift */ = {isa = PBXFileReference; lastKnownFileType = sourcecode.swift; path = ForecastCell.swift; sourceTree = "<group>"; };
		1191C5DA26CBD68B00FD57FB /* ForecastCell.xib */ = {isa = PBXFileReference; lastKnownFileType = file.xib; path = ForecastCell.xib; sourceTree = "<group>"; };
		1191C5E326CBD94300FD57FB /* ForecastCellModel.swift */ = {isa = PBXFileReference; lastKnownFileType = sourcecode.swift; path = ForecastCellModel.swift; sourceTree = "<group>"; };
		1191C5E626CBD99F00FD57FB /* Reusable.swift */ = {isa = PBXFileReference; lastKnownFileType = sourcecode.swift; path = Reusable.swift; sourceTree = "<group>"; };
		1191C5EA26CBDF8200FD57FB /* Fetcher.swift */ = {isa = PBXFileReference; lastKnownFileType = sourcecode.swift; path = Fetcher.swift; sourceTree = "<group>"; };
		1191C5F126CBE07400FD57FB /* ForecastEntity.swift */ = {isa = PBXFileReference; lastKnownFileType = sourcecode.swift; path = ForecastEntity.swift; sourceTree = "<group>"; };
		1191C5F526CBE10100FD57FB /* ForecastGateway.swift */ = {isa = PBXFileReference; lastKnownFileType = sourcecode.swift; path = ForecastGateway.swift; sourceTree = "<group>"; };
		1191C5F826CBE27F00FD57FB /* ForecastUseCase.swift */ = {isa = PBXFileReference; lastKnownFileType = sourcecode.swift; path = ForecastUseCase.swift; sourceTree = "<group>"; };
		1191C60C26CD459A00FD57FB /* TitleHeaderView.swift */ = {isa = PBXFileReference; lastKnownFileType = sourcecode.swift; path = TitleHeaderView.swift; sourceTree = "<group>"; };
		1191C61026CD45A900FD57FB /* TitleHeaderView.xib */ = {isa = PBXFileReference; lastKnownFileType = file.xib; path = TitleHeaderView.xib; sourceTree = "<group>"; };
		1191C61326CD47A500FD57FB /* TitleHeaderViewModel.swift */ = {isa = PBXFileReference; lastKnownFileType = sourcecode.swift; path = TitleHeaderViewModel.swift; sourceTree = "<group>"; };
		1191C61626CD526D00FD57FB /* LocationAccessible.swift */ = {isa = PBXFileReference; lastKnownFileType = sourcecode.swift; path = LocationAccessible.swift; sourceTree = "<group>"; };
		1191C62826CE802A00FD57FB /* CurrentWeatherEntity.swift */ = {isa = PBXFileReference; lastKnownFileType = sourcecode.swift; path = CurrentWeatherEntity.swift; sourceTree = "<group>"; };
		1191C62B26CE807300FD57FB /* CurrentWeatherGateway.swift */ = {isa = PBXFileReference; lastKnownFileType = sourcecode.swift; path = CurrentWeatherGateway.swift; sourceTree = "<group>"; };
		1191C62E26CE813900FD57FB /* CurrentWeatherUseCase.swift */ = {isa = PBXFileReference; lastKnownFileType = sourcecode.swift; path = CurrentWeatherUseCase.swift; sourceTree = "<group>"; };
		1191C63126CE873A00FD57FB /* WeatherIconGateway.swift */ = {isa = PBXFileReference; lastKnownFileType = sourcecode.swift; path = WeatherIconGateway.swift; sourceTree = "<group>"; };
		1191C63426CE880800FD57FB /* WeatherIconUseCase.swift */ = {isa = PBXFileReference; lastKnownFileType = sourcecode.swift; path = WeatherIconUseCase.swift; sourceTree = "<group>"; };
		1191C63726CEC1CE00FD57FB /* DoubleExtensions.swift */ = {isa = PBXFileReference; lastKnownFileType = sourcecode.swift; path = DoubleExtensions.swift; sourceTree = "<group>"; };
		1191C63C26D0115700FD57FB /* RainbowLineView.swift */ = {isa = PBXFileReference; lastKnownFileType = sourcecode.swift; path = RainbowLineView.swift; sourceTree = "<group>"; };
/* End PBXFileReference section */

/* Begin PBXFrameworksBuildPhase section */
		1191C59526CBC02000FD57FB /* Frameworks */ = {
			isa = PBXFrameworksBuildPhase;
			buildActionMask = 2147483647;
			files = (
			);
			runOnlyForDeploymentPostprocessing = 0;
		};
/* End PBXFrameworksBuildPhase section */

/* Begin PBXGroup section */
		1191C58F26CBC02000FD57FB = {
			isa = PBXGroup;
			children = (
				1191C59A26CBC02000FD57FB /* WeatherApp */,
				1191C59926CBC02000FD57FB /* Products */,
			);
			sourceTree = "<group>";
		};
		1191C59926CBC02000FD57FB /* Products */ = {
			isa = PBXGroup;
			children = (
				1191C59826CBC02000FD57FB /* WeatherApp.app */,
			);
			name = Products;
			sourceTree = "<group>";
		};
		1191C59A26CBC02000FD57FB /* WeatherApp */ = {
			isa = PBXGroup;
			children = (
				1191C5B526CBC1D500FD57FB /* App */,
				1191C63A26D0112E00FD57FB /* Components */,
				1191C5B726CBC24100FD57FB /* Scenes */,
				1191C5B826CBC25300FD57FB /* Core */,
				1191C5E926CBDF7500FD57FB /* Network */,
				1191C5D326CBD2A600FD57FB /* Utils */,
			);
			path = WeatherApp;
			sourceTree = "<group>";
		};
		1191C5B526CBC1D500FD57FB /* App */ = {
			isa = PBXGroup;
			children = (
				1191C59B26CBC02000FD57FB /* AppDelegate.swift */,
				1191C59D26CBC02000FD57FB /* SceneDelegate.swift */,
				1191C5A426CBC02600FD57FB /* Assets.xcassets */,
				1191C5A626CBC02600FD57FB /* LaunchScreen.storyboard */,
				1191C5A926CBC02600FD57FB /* Info.plist */,
			);
			path = App;
			sourceTree = "<group>";
		};
		1191C5B726CBC24100FD57FB /* Scenes */ = {
			isa = PBXGroup;
			children = (
				1191C5BA26CBC2FC00FD57FB /* CurrentWeather */,
				1191C5BB26CBC31900FD57FB /* Forecast */,
				1191C5D026CBC3ED00FD57FB /* Main.storyboard */,
			);
			path = Scenes;
			sourceTree = "<group>";
		};
		1191C5B826CBC25300FD57FB /* Core */ = {
			isa = PBXGroup;
			children = (
				1191C5F026CBDFE000FD57FB /* Entities */,
				1191C5EF26CBDFDC00FD57FB /* UseCases */,
				1191C5EE26CBDFCF00FD57FB /* Gateways */,
			);
			path = Core;
			sourceTree = "<group>";
		};
		1191C5BA26CBC2FC00FD57FB /* CurrentWeather */ = {
			isa = PBXGroup;
			children = (
				1191C5BE26CBC3AB00FD57FB /* CurrentWeatherController.swift */,
				1191C5BC26CBC3AB00FD57FB /* CurrentWeatherPresenter.swift */,
				1191C5BD26CBC3AB00FD57FB /* CurrentWeatherRouter.swift */,
				1191C5BF26CBC3AB00FD57FB /* CurrentWeatherConfigurator.swift */,
			);
			path = CurrentWeather;
			sourceTree = "<group>";
		};
		1191C5BB26CBC31900FD57FB /* Forecast */ = {
			isa = PBXGroup;
			children = (
				1191C5D726CBD67000FD57FB /* TableComponents */,
				1191C5C826CBC3B500FD57FB /* ForecastController.swift */,
				1191C5C626CBC3B500FD57FB /* ForecastPresenter.swift */,
				1191C5C726CBC3B500FD57FB /* ForecastRouter.swift */,
				1191C5C926CBC3B500FD57FB /* ForecastConfigurator.swift */,
			);
			path = Forecast;
			sourceTree = "<group>";
		};
		1191C5D326CBD2A600FD57FB /* Utils */ = {
			isa = PBXGroup;
			children = (
				1191C5FB26CC0BC600FD57FB /* Extensions */,
				1191C5D426CBD2BE00FD57FB /* CellConfiguration.swift */,
				1191C5E626CBD99F00FD57FB /* Reusable.swift */,
				1191C61626CD526D00FD57FB /* LocationAccessible.swift */,
			);
			path = Utils;
			sourceTree = "<group>";
		};
		1191C5D726CBD67000FD57FB /* TableComponents */ = {
			isa = PBXGroup;
			children = (
				1191C5E226CBD93300FD57FB /* Models */,
				1191C5D826CBD67800FD57FB /* Cells */,
			);
			path = TableComponents;
			sourceTree = "<group>";
		};
		1191C5D826CBD67800FD57FB /* Cells */ = {
			isa = PBXGroup;
			children = (
				1191C60B26CD457400FD57FB /* TitleHeader */,
				1191C5DF26CBD69200FD57FB /* ForecastCell */,
			);
			path = Cells;
			sourceTree = "<group>";
		};
		1191C5DF26CBD69200FD57FB /* ForecastCell */ = {
			isa = PBXGroup;
			children = (
				1191C5D926CBD68B00FD57FB /* ForecastCell.swift */,
				1191C5DA26CBD68B00FD57FB /* ForecastCell.xib */,
			);
			path = ForecastCell;
			sourceTree = "<group>";
		};
		1191C5E226CBD93300FD57FB /* Models */ = {
			isa = PBXGroup;
			children = (
				1191C5E326CBD94300FD57FB /* ForecastCellModel.swift */,
				1191C61326CD47A500FD57FB /* TitleHeaderViewModel.swift */,
			);
			path = Models;
			sourceTree = "<group>";
		};
		1191C5E926CBDF7500FD57FB /* Network */ = {
			isa = PBXGroup;
			children = (
				1191C5EA26CBDF8200FD57FB /* Fetcher.swift */,
			);
			path = Network;
			sourceTree = "<group>";
		};
		1191C5EE26CBDFCF00FD57FB /* Gateways */ = {
			isa = PBXGroup;
			children = (
				1191C5F526CBE10100FD57FB /* ForecastGateway.swift */,
				1191C62B26CE807300FD57FB /* CurrentWeatherGateway.swift */,
				1191C63126CE873A00FD57FB /* WeatherIconGateway.swift */,
			);
			path = Gateways;
			sourceTree = "<group>";
		};
		1191C5EF26CBDFDC00FD57FB /* UseCases */ = {
			isa = PBXGroup;
			children = (
				1191C5F826CBE27F00FD57FB /* ForecastUseCase.swift */,
				1191C62E26CE813900FD57FB /* CurrentWeatherUseCase.swift */,
				1191C63426CE880800FD57FB /* WeatherIconUseCase.swift */,
			);
			path = UseCases;
			sourceTree = "<group>";
		};
		1191C5F026CBDFE000FD57FB /* Entities */ = {
			isa = PBXGroup;
			children = (
				1191C5F126CBE07400FD57FB /* ForecastEntity.swift */,
				1191C62826CE802A00FD57FB /* CurrentWeatherEntity.swift */,
			);
			path = Entities;
			sourceTree = "<group>";
		};
		1191C5FB26CC0BC600FD57FB /* Extensions */ = {
			isa = PBXGroup;
			children = (
				1191C63726CEC1CE00FD57FB /* DoubleExtensions.swift */,
			);
			path = Extensions;
			sourceTree = "<group>";
		};
		1191C60B26CD457400FD57FB /* TitleHeader */ = {
			isa = PBXGroup;
			children = (
				1191C60C26CD459A00FD57FB /* TitleHeaderView.swift */,
				1191C61026CD45A900FD57FB /* TitleHeaderView.xib */,
			);
			path = TitleHeader;
			sourceTree = "<group>";
		};
		1191C63A26D0112E00FD57FB /* Components */ = {
			isa = PBXGroup;
			children = (
				1191C63B26D0114600FD57FB /* RainbowLineView */,
			);
			path = Components;
			sourceTree = "<group>";
		};
		1191C63B26D0114600FD57FB /* RainbowLineView */ = {
			isa = PBXGroup;
			children = (
				1191C63C26D0115700FD57FB /* RainbowLineView.swift */,
			);
			path = RainbowLineView;
			sourceTree = "<group>";
		};
/* End PBXGroup section */

/* Begin PBXNativeTarget section */
		1191C59726CBC02000FD57FB /* WeatherApp */ = {
			isa = PBXNativeTarget;
			buildConfigurationList = 1191C5AC26CBC02600FD57FB /* Build configuration list for PBXNativeTarget "WeatherApp" */;
			buildPhases = (
				1191C59426CBC02000FD57FB /* Sources */,
				1191C59526CBC02000FD57FB /* Frameworks */,
				1191C59626CBC02000FD57FB /* Resources */,
			);
			buildRules = (
			);
			dependencies = (
			);
			name = WeatherApp;
			productName = WeatherApp;
			productReference = 1191C59826CBC02000FD57FB /* WeatherApp.app */;
			productType = "com.apple.product-type.application";
		};
/* End PBXNativeTarget section */

/* Begin PBXProject section */
		1191C59026CBC02000FD57FB /* Project object */ = {
			isa = PBXProject;
			attributes = {
				LastSwiftUpdateCheck = 1240;
				LastUpgradeCheck = 1240;
				TargetAttributes = {
					1191C59726CBC02000FD57FB = {
						CreatedOnToolsVersion = 12.4;
					};
				};
			};
			buildConfigurationList = 1191C59326CBC02000FD57FB /* Build configuration list for PBXProject "WeatherApp" */;
			compatibilityVersion = "Xcode 9.3";
			developmentRegion = en;
			hasScannedForEncodings = 0;
			knownRegions = (
				en,
				Base,
			);
			mainGroup = 1191C58F26CBC02000FD57FB;
			productRefGroup = 1191C59926CBC02000FD57FB /* Products */;
			projectDirPath = "";
			projectRoot = "";
			targets = (
				1191C59726CBC02000FD57FB /* WeatherApp */,
			);
		};
/* End PBXProject section */

/* Begin PBXResourcesBuildPhase section */
		1191C59626CBC02000FD57FB /* Resources */ = {
			isa = PBXResourcesBuildPhase;
			buildActionMask = 2147483647;
			files = (
				1191C5DC26CBD68B00FD57FB /* ForecastCell.xib in Resources */,
				1191C5D126CBC3ED00FD57FB /* Main.storyboard in Resources */,
				1191C5A826CBC02600FD57FB /* LaunchScreen.storyboard in Resources */,
				1191C61126CD45A900FD57FB /* TitleHeaderView.xib in Resources */,
				1191C5A526CBC02600FD57FB /* Assets.xcassets in Resources */,
			);
			runOnlyForDeploymentPostprocessing = 0;
		};
/* End PBXResourcesBuildPhase section */

/* Begin PBXSourcesBuildPhase section */
		1191C59426CBC02000FD57FB /* Sources */ = {
			isa = PBXSourcesBuildPhase;
			buildActionMask = 2147483647;
			files = (
				1191C5C326CBC3AB00FD57FB /* CurrentWeatherConfigurator.swift in Sources */,
				1191C63D26D0115700FD57FB /* RainbowLineView.swift in Sources */,
				1191C5D526CBD2BE00FD57FB /* CellConfiguration.swift in Sources */,
				1191C5CC26CBC3B500FD57FB /* ForecastController.swift in Sources */,
				1191C61726CD526D00FD57FB /* LocationAccessible.swift in Sources */,
				1191C5F226CBE07400FD57FB /* ForecastEntity.swift in Sources */,
				1191C5F926CBE27F00FD57FB /* ForecastUseCase.swift in Sources */,
				1191C5CA26CBC3B500FD57FB /* ForecastPresenter.swift in Sources */,
				1191C62C26CE807300FD57FB /* CurrentWeatherGateway.swift in Sources */,
				1191C60D26CD459A00FD57FB /* TitleHeaderView.swift in Sources */,
				1191C5DB26CBD68B00FD57FB /* ForecastCell.swift in Sources */,
				1191C5E426CBD94300FD57FB /* ForecastCellModel.swift in Sources */,
				1191C5E726CBD99F00FD57FB /* Reusable.swift in Sources */,
				1191C5C026CBC3AB00FD57FB /* CurrentWeatherPresenter.swift in Sources */,
				1191C5EB26CBDF8200FD57FB /* Fetcher.swift in Sources */,
				1191C62926CE802A00FD57FB /* CurrentWeatherEntity.swift in Sources */,
				1191C61426CD47A500FD57FB /* TitleHeaderViewModel.swift in Sources */,
				1191C63226CE873A00FD57FB /* WeatherIconGateway.swift in Sources */,
				1191C5C126CBC3AB00FD57FB /* CurrentWeatherRouter.swift in Sources */,
				1191C5CD26CBC3B500FD57FB /* ForecastConfigurator.swift in Sources */,
				1191C62F26CE813900FD57FB /* CurrentWeatherUseCase.swift in Sources */,
				1191C59C26CBC02000FD57FB /* AppDelegate.swift in Sources */,
				1191C5C226CBC3AB00FD57FB /* CurrentWeatherController.swift in Sources */,
				1191C63826CEC1CE00FD57FB /* DoubleExtensions.swift in Sources */,
				1191C59E26CBC02000FD57FB /* SceneDelegate.swift in Sources */,
				1191C5F626CBE10100FD57FB /* ForecastGateway.swift in Sources */,
				1191C5CB26CBC3B500FD57FB /* ForecastRouter.swift in Sources */,
				1191C63526CE880800FD57FB /* WeatherIconUseCase.swift in Sources */,
			);
			runOnlyForDeploymentPostprocessing = 0;
		};
/* End PBXSourcesBuildPhase section */

/* Begin PBXVariantGroup section */
		1191C5A626CBC02600FD57FB /* LaunchScreen.storyboard */ = {
			isa = PBXVariantGroup;
			children = (
				1191C5A726CBC02600FD57FB /* Base */,
			);
			name = LaunchScreen.storyboard;
			sourceTree = "<group>";
		};
/* End PBXVariantGroup section */

/* Begin XCBuildConfiguration section */
		1191C5AA26CBC02600FD57FB /* Debug */ = {
			isa = XCBuildConfiguration;
			buildSettings = {
				ALWAYS_SEARCH_USER_PATHS = NO;
				CLANG_ANALYZER_NONNULL = YES;
				CLANG_ANALYZER_NUMBER_OBJECT_CONVERSION = YES_AGGRESSIVE;
				CLANG_CXX_LANGUAGE_STANDARD = "gnu++14";
				CLANG_CXX_LIBRARY = "libc++";
				CLANG_ENABLE_MODULES = YES;
				CLANG_ENABLE_OBJC_ARC = YES;
				CLANG_ENABLE_OBJC_WEAK = YES;
				CLANG_WARN_BLOCK_CAPTURE_AUTORELEASING = YES;
				CLANG_WARN_BOOL_CONVERSION = YES;
				CLANG_WARN_COMMA = YES;
				CLANG_WARN_CONSTANT_CONVERSION = YES;
				CLANG_WARN_DEPRECATED_OBJC_IMPLEMENTATIONS = YES;
				CLANG_WARN_DIRECT_OBJC_ISA_USAGE = YES_ERROR;
				CLANG_WARN_DOCUMENTATION_COMMENTS = YES;
				CLANG_WARN_EMPTY_BODY = YES;
				CLANG_WARN_ENUM_CONVERSION = YES;
				CLANG_WARN_INFINITE_RECURSION = YES;
				CLANG_WARN_INT_CONVERSION = YES;
				CLANG_WARN_NON_LITERAL_NULL_CONVERSION = YES;
				CLANG_WARN_OBJC_IMPLICIT_RETAIN_SELF = YES;
				CLANG_WARN_OBJC_LITERAL_CONVERSION = YES;
				CLANG_WARN_OBJC_ROOT_CLASS = YES_ERROR;
				CLANG_WARN_QUOTED_INCLUDE_IN_FRAMEWORK_HEADER = YES;
				CLANG_WARN_RANGE_LOOP_ANALYSIS = YES;
				CLANG_WARN_STRICT_PROTOTYPES = YES;
				CLANG_WARN_SUSPICIOUS_MOVE = YES;
				CLANG_WARN_UNGUARDED_AVAILABILITY = YES_AGGRESSIVE;
				CLANG_WARN_UNREACHABLE_CODE = YES;
				CLANG_WARN__DUPLICATE_METHOD_MATCH = YES;
				COPY_PHASE_STRIP = NO;
				DEBUG_INFORMATION_FORMAT = dwarf;
				ENABLE_STRICT_OBJC_MSGSEND = YES;
				ENABLE_TESTABILITY = YES;
				GCC_C_LANGUAGE_STANDARD = gnu11;
				GCC_DYNAMIC_NO_PIC = NO;
				GCC_NO_COMMON_BLOCKS = YES;
				GCC_OPTIMIZATION_LEVEL = 0;
				GCC_PREPROCESSOR_DEFINITIONS = (
					"DEBUG=1",
					"$(inherited)",
				);
				GCC_WARN_64_TO_32_BIT_CONVERSION = YES;
				GCC_WARN_ABOUT_RETURN_TYPE = YES_ERROR;
				GCC_WARN_UNDECLARED_SELECTOR = YES;
				GCC_WARN_UNINITIALIZED_AUTOS = YES_AGGRESSIVE;
				GCC_WARN_UNUSED_FUNCTION = YES;
				GCC_WARN_UNUSED_VARIABLE = YES;
				IPHONEOS_DEPLOYMENT_TARGET = 14.4;
				MTL_ENABLE_DEBUG_INFO = INCLUDE_SOURCE;
				MTL_FAST_MATH = YES;
				ONLY_ACTIVE_ARCH = YES;
				SDKROOT = iphoneos;
				SWIFT_ACTIVE_COMPILATION_CONDITIONS = DEBUG;
				SWIFT_OPTIMIZATION_LEVEL = "-Onone";
			};
			name = Debug;
		};
		1191C5AB26CBC02600FD57FB /* Release */ = {
			isa = XCBuildConfiguration;
			buildSettings = {
				ALWAYS_SEARCH_USER_PATHS = NO;
				CLANG_ANALYZER_NONNULL = YES;
				CLANG_ANALYZER_NUMBER_OBJECT_CONVERSION = YES_AGGRESSIVE;
				CLANG_CXX_LANGUAGE_STANDARD = "gnu++14";
				CLANG_CXX_LIBRARY = "libc++";
				CLANG_ENABLE_MODULES = YES;
				CLANG_ENABLE_OBJC_ARC = YES;
				CLANG_ENABLE_OBJC_WEAK = YES;
				CLANG_WARN_BLOCK_CAPTURE_AUTORELEASING = YES;
				CLANG_WARN_BOOL_CONVERSION = YES;
				CLANG_WARN_COMMA = YES;
				CLANG_WARN_CONSTANT_CONVERSION = YES;
				CLANG_WARN_DEPRECATED_OBJC_IMPLEMENTATIONS = YES;
				CLANG_WARN_DIRECT_OBJC_ISA_USAGE = YES_ERROR;
				CLANG_WARN_DOCUMENTATION_COMMENTS = YES;
				CLANG_WARN_EMPTY_BODY = YES;
				CLANG_WARN_ENUM_CONVERSION = YES;
				CLANG_WARN_INFINITE_RECURSION = YES;
				CLANG_WARN_INT_CONVERSION = YES;
				CLANG_WARN_NON_LITERAL_NULL_CONVERSION = YES;
				CLANG_WARN_OBJC_IMPLICIT_RETAIN_SELF = YES;
				CLANG_WARN_OBJC_LITERAL_CONVERSION = YES;
				CLANG_WARN_OBJC_ROOT_CLASS = YES_ERROR;
				CLANG_WARN_QUOTED_INCLUDE_IN_FRAMEWORK_HEADER = YES;
				CLANG_WARN_RANGE_LOOP_ANALYSIS = YES;
				CLANG_WARN_STRICT_PROTOTYPES = YES;
				CLANG_WARN_SUSPICIOUS_MOVE = YES;
				CLANG_WARN_UNGUARDED_AVAILABILITY = YES_AGGRESSIVE;
				CLANG_WARN_UNREACHABLE_CODE = YES;
				CLANG_WARN__DUPLICATE_METHOD_MATCH = YES;
				COPY_PHASE_STRIP = NO;
				DEBUG_INFORMATION_FORMAT = "dwarf-with-dsym";
				ENABLE_NS_ASSERTIONS = NO;
				ENABLE_STRICT_OBJC_MSGSEND = YES;
				GCC_C_LANGUAGE_STANDARD = gnu11;
				GCC_NO_COMMON_BLOCKS = YES;
				GCC_WARN_64_TO_32_BIT_CONVERSION = YES;
				GCC_WARN_ABOUT_RETURN_TYPE = YES_ERROR;
				GCC_WARN_UNDECLARED_SELECTOR = YES;
				GCC_WARN_UNINITIALIZED_AUTOS = YES_AGGRESSIVE;
				GCC_WARN_UNUSED_FUNCTION = YES;
				GCC_WARN_UNUSED_VARIABLE = YES;
				IPHONEOS_DEPLOYMENT_TARGET = 14.4;
				MTL_ENABLE_DEBUG_INFO = NO;
				MTL_FAST_MATH = YES;
				SDKROOT = iphoneos;
				SWIFT_COMPILATION_MODE = wholemodule;
				SWIFT_OPTIMIZATION_LEVEL = "-O";
				VALIDATE_PRODUCT = YES;
			};
			name = Release;
		};
		1191C5AD26CBC02600FD57FB /* Debug */ = {
			isa = XCBuildConfiguration;
			buildSettings = {
				ASSETCATALOG_COMPILER_APPICON_NAME = AppIcon;
				ASSETCATALOG_COMPILER_GLOBAL_ACCENT_COLOR_NAME = AccentColor;
				CODE_SIGN_STYLE = Automatic;
				DEVELOPMENT_TEAM = 69HSU29PJ2;
				INFOPLIST_FILE = WeatherApp/App/Info.plist;
				IPHONEOS_DEPLOYMENT_TARGET = 12.1;
				LD_RUNPATH_SEARCH_PATHS = (
					"$(inherited)",
					"@executable_path/Frameworks",
				);
				PRODUCT_BUNDLE_IDENTIFIER = Leavingstone.WeatherApp;
				PRODUCT_NAME = "$(TARGET_NAME)";
				SWIFT_VERSION = 5.0;
				TARGETED_DEVICE_FAMILY = "1,2";
			};
			name = Debug;
		};
		1191C5AE26CBC02600FD57FB /* Release */ = {
			isa = XCBuildConfiguration;
			buildSettings = {
				ASSETCATALOG_COMPILER_APPICON_NAME = AppIcon;
				ASSETCATALOG_COMPILER_GLOBAL_ACCENT_COLOR_NAME = AccentColor;
				CODE_SIGN_STYLE = Automatic;
				DEVELOPMENT_TEAM = 69HSU29PJ2;
				INFOPLIST_FILE = WeatherApp/App/Info.plist;
				IPHONEOS_DEPLOYMENT_TARGET = 12.1;
				LD_RUNPATH_SEARCH_PATHS = (
					"$(inherited)",
					"@executable_path/Frameworks",
				);
				PRODUCT_BUNDLE_IDENTIFIER = Leavingstone.WeatherApp;
				PRODUCT_NAME = "$(TARGET_NAME)";
				SWIFT_VERSION = 5.0;
				TARGETED_DEVICE_FAMILY = "1,2";
			};
			name = Release;
		};
/* End XCBuildConfiguration section */

/* Begin XCConfigurationList section */
		1191C59326CBC02000FD57FB /* Build configuration list for PBXProject "WeatherApp" */ = {
			isa = XCConfigurationList;
			buildConfigurations = (
				1191C5AA26CBC02600FD57FB /* Debug */,
				1191C5AB26CBC02600FD57FB /* Release */,
			);
			defaultConfigurationIsVisible = 0;
			defaultConfigurationName = Release;
		};
		1191C5AC26CBC02600FD57FB /* Build configuration list for PBXNativeTarget "WeatherApp" */ = {
			isa = XCConfigurationList;
			buildConfigurations = (
				1191C5AD26CBC02600FD57FB /* Debug */,
				1191C5AE26CBC02600FD57FB /* Release */,
			);
			defaultConfigurationIsVisible = 0;
			defaultConfigurationName = Release;
		};
/* End XCConfigurationList section */
	};
	rootObject = 1191C59026CBC02000FD57FB /* Project object */;
}
